
Microsoft Visual Studio Solution File, Format Version 12.00
# Visual Studio Version 17
VisualStudioVersion = 17.9.34616.47
MinimumVisualStudioVersion = 10.0.40219.1
Project("{FAE04EC0-301F-11D3-BF4B-00C04F79EFBC}") = "GenericConstraintsExample", "GenericConstraintsExample\GenericConstraintsExample.csproj", "{B4405C05-A12D-48DB-B0E7-A15D8B49E3C5}"
EndProject
Project("{FAE04EC0-301F-11D3-BF4B-00C04F79EFBC}") = "ClassLibrary1", "ClassLibrary1\ClassLibrary1.csproj", "{19921586-802D-4856-9AEB-09C1F9A22DD0}"
EndProject
Global
	GlobalSection(SolutionConfigurationPlatforms) = preSolution
		Debug|Any CPU = Debug|Any CPU
		Release|Any CPU = Release|Any CPU
	EndGlobalSection
	GlobalSection(ProjectConfigurationPlatforms) = postSolution
		{B4405C05-A12D-48DB-B0E7-A15D8B49E3C5}.Debug|Any CPU.ActiveCfg = Debug|Any CPU
		{B4405C05-A12D-48DB-B0E7-A15D8B49E3C5}.Debug|Any CPU.Build.0 = Debug|Any CPU
		{B4405C05-A12D-48DB-B0E7-A15D8B49E3C5}.Release|Any CPU.ActiveCfg = Release|Any CPU
		{B4405C05-A12D-48DB-B0E7-A15D8B49E3C5}.Release|Any CPU.Build.0 = Release|Any CPU
		{19921586-802D-4856-9AEB-09C1F9A22DD0}.Debug|Any CPU.ActiveCfg = Debug|Any CPU
		{19921586-802D-4856-9AEB-09C1F9A22DD0}.Debug|Any CPU.Build.0 = Debug|Any CPU
		{19921586-802D-4856-9AEB-09C1F9A22DD0}.Release|Any CPU.ActiveCfg = Release|Any CPU
		{19921586-802D-4856-9AEB-09C1F9A22DD0}.Release|Any CPU.Build.0 = Release|Any CPU
	EndGlobalSection
	GlobalSection(SolutionProperties) = preSolution
		HideSolutionNode = FALSE
	EndGlobalSection
	GlobalSection(ExtensibilityGlobals) = postSolution
		SolutionGuid = {397A8652-676B-46D4-8641-30173414FC51}
	EndGlobalSection
EndGlobal
