
Microsoft Visual Studio Solution File, Format Version 12.00
# Visual Studio Version 17
VisualStudioVersion = 17.9.34616.47
MinimumVisualStudioVersion = 10.0.40219.1
Project("{FAE04EC0-301F-11D3-BF4B-00C04F79EFBC}") = "ObjectArray", "ObjectArray\ObjectArray.csproj", "{CED36D08-6596-4AF2-BB29-D1557127C3C9}"
EndProject
Project("{FAE04EC0-301F-11D3-BF4B-00C04F79EFBC}") = "ClassLibrary1", "ClassLibrary1\ClassLibrary1.csproj", "{561764CD-935A-4B8B-A788-6EE253496C96}"
EndProject
Global
	GlobalSection(SolutionConfigurationPlatforms) = preSolution
		Debug|Any CPU = Debug|Any CPU
		Release|Any CPU = Release|Any CPU
	EndGlobalSection
	GlobalSection(ProjectConfigurationPlatforms) = postSolution
		{CED36D08-6596-4AF2-BB29-D1557127C3C9}.Debug|Any CPU.ActiveCfg = Debug|Any CPU
		{CED36D08-6596-4AF2-BB29-D1557127C3C9}.Debug|Any CPU.Build.0 = Debug|Any CPU
		{CED36D08-6596-4AF2-BB29-D1557127C3C9}.Release|Any CPU.ActiveCfg = Release|Any CPU
		{CED36D08-6596-4AF2-BB29-D1557127C3C9}.Release|Any CPU.Build.0 = Release|Any CPU
		{561764CD-935A-4B8B-A788-6EE253496C96}.Debug|Any CPU.ActiveCfg = Debug|Any CPU
		{561764CD-935A-4B8B-A788-6EE253496C96}.Debug|Any CPU.Build.0 = Debug|Any CPU
		{561764CD-935A-4B8B-A788-6EE253496C96}.Release|Any CPU.ActiveCfg = Release|Any CPU
		{561764CD-935A-4B8B-A788-6EE253496C96}.Release|Any CPU.Build.0 = Release|Any CPU
	EndGlobalSection
	GlobalSection(SolutionProperties) = preSolution
		HideSolutionNode = FALSE
	EndGlobalSection
	GlobalSection(ExtensibilityGlobals) = postSolution
		SolutionGuid = {7AF00E21-6A11-45D4-BA5A-6F7126F5F1AC}
	EndGlobalSection
EndGlobal
