
Microsoft Visual Studio Solution File, Format Version 12.00
# Visual Studio Version 17
VisualStudioVersion = 17.9.34616.47
MinimumVisualStudioVersion = 10.0.40219.1
Project("{FAE04EC0-301F-11D3-BF4B-00C04F79EFBC}") = "SharedResources(Thread)", "SharedResources(Thread)\SharedResources(Thread).csproj", "{15F3444C-1843-4CD8-A313-ED8108E9417E}"
EndProject
Global
	GlobalSection(SolutionConfigurationPlatforms) = preSolution
		Debug|Any CPU = Debug|Any CPU
		Release|Any CPU = Release|Any CPU
	EndGlobalSection
	GlobalSection(ProjectConfigurationPlatforms) = postSolution
		{15F3444C-1843-4CD8-A313-ED8108E9417E}.Debug|Any CPU.ActiveCfg = Debug|Any CPU
		{15F3444C-1843-4CD8-A313-ED8108E9417E}.Debug|Any CPU.Build.0 = Debug|Any CPU
		{15F3444C-1843-4CD8-A313-ED8108E9417E}.Release|Any CPU.ActiveCfg = Release|Any CPU
		{15F3444C-1843-4CD8-A313-ED8108E9417E}.Release|Any CPU.Build.0 = Release|Any CPU
	EndGlobalSection
	GlobalSection(SolutionProperties) = preSolution
		HideSolutionNode = FALSE
	EndGlobalSection
	GlobalSection(ExtensibilityGlobals) = postSolution
		SolutionGuid = {4CA2F910-B211-4A78-95A1-B4050DEEF62C}
	EndGlobalSection
EndGlobal
