
Microsoft Visual Studio Solution File, Format Version 12.00
# Visual Studio Version 17
VisualStudioVersion = 17.9.34616.47
MinimumVisualStudioVersion = 10.0.40219.1
Project("{FAE04EC0-301F-11D3-BF4B-00C04F79EFBC}") = "ThreadingApp", "ThreadingApp\ThreadingApp.csproj", "{58DDFB60-3B4B-4FBB-8745-5ACEDB4FF4AB}"
EndProject
Global
	GlobalSection(SolutionConfigurationPlatforms) = preSolution
		Debug|Any CPU = Debug|Any CPU
		Release|Any CPU = Release|Any CPU
	EndGlobalSection
	GlobalSection(ProjectConfigurationPlatforms) = postSolution
		{58DDFB60-3B4B-4FBB-8745-5ACEDB4FF4AB}.Debug|Any CPU.ActiveCfg = Debug|Any CPU
		{58DDFB60-3B4B-4FBB-8745-5ACEDB4FF4AB}.Debug|Any CPU.Build.0 = Debug|Any CPU
		{58DDFB60-3B4B-4FBB-8745-5ACEDB4FF4AB}.Release|Any CPU.ActiveCfg = Release|Any CPU
		{58DDFB60-3B4B-4FBB-8745-5ACEDB4FF4AB}.Release|Any CPU.Build.0 = Release|Any CPU
	EndGlobalSection
	GlobalSection(SolutionProperties) = preSolution
		HideSolutionNode = FALSE
	EndGlobalSection
	GlobalSection(ExtensibilityGlobals) = postSolution
		SolutionGuid = {68C64DF8-2C1D-487A-8C1D-2295B53556B2}
	EndGlobalSection
EndGlobal
