
Microsoft Visual Studio Solution File, Format Version 12.00
# Visual Studio Version 17
VisualStudioVersion = 17.9.34616.47
MinimumVisualStudioVersion = 10.0.40219.1
Project("{FAE04EC0-301F-11D3-BF4B-00C04F79EFBC}") = "ConstructorAssignment", "ConstructorAssignment\ConstructorAssignment.csproj", "{F9AF2F55-3590-4BD5-93F6-8D5D4409ACDF}"
EndProject
Global
	GlobalSection(SolutionConfigurationPlatforms) = preSolution
		Debug|Any CPU = Debug|Any CPU
		Release|Any CPU = Release|Any CPU
	EndGlobalSection
	GlobalSection(ProjectConfigurationPlatforms) = postSolution
		{F9AF2F55-3590-4BD5-93F6-8D5D4409ACDF}.Debug|Any CPU.ActiveCfg = Debug|Any CPU
		{F9AF2F55-3590-4BD5-93F6-8D5D4409ACDF}.Debug|Any CPU.Build.0 = Debug|Any CPU
		{F9AF2F55-3590-4BD5-93F6-8D5D4409ACDF}.Release|Any CPU.ActiveCfg = Release|Any CPU
		{F9AF2F55-3590-4BD5-93F6-8D5D4409ACDF}.Release|Any CPU.Build.0 = Release|Any CPU
	EndGlobalSection
	GlobalSection(SolutionProperties) = preSolution
		HideSolutionNode = FALSE
	EndGlobalSection
	GlobalSection(ExtensibilityGlobals) = postSolution
		SolutionGuid = {3228E88D-C202-40F9-8BFD-4BDE982D4743}
	EndGlobalSection
EndGlobal
