
Microsoft Visual Studio Solution File, Format Version 12.00
# Visual Studio Version 17
VisualStudioVersion = 17.9.34616.47
MinimumVisualStudioVersion = 10.0.40219.1
Project("{FAE04EC0-301F-11D3-BF4B-00C04F79EFBC}") = "GenericMethodExample", "GenericMethodExample\GenericMethodExample.csproj", "{17567909-4818-449C-8507-DED8983C0800}"
EndProject
Project("{FAE04EC0-301F-11D3-BF4B-00C04F79EFBC}") = "ClassLibrary1", "ClassLibrary1\ClassLibrary1.csproj", "{5D40D7C6-DB9E-4FF3-937B-1994B1696327}"
EndProject
Global
	GlobalSection(SolutionConfigurationPlatforms) = preSolution
		Debug|Any CPU = Debug|Any CPU
		Release|Any CPU = Release|Any CPU
	EndGlobalSection
	GlobalSection(ProjectConfigurationPlatforms) = postSolution
		{17567909-4818-449C-8507-DED8983C0800}.Debug|Any CPU.ActiveCfg = Debug|Any CPU
		{17567909-4818-449C-8507-DED8983C0800}.Debug|Any CPU.Build.0 = Debug|Any CPU
		{17567909-4818-449C-8507-DED8983C0800}.Release|Any CPU.ActiveCfg = Release|Any CPU
		{17567909-4818-449C-8507-DED8983C0800}.Release|Any CPU.Build.0 = Release|Any CPU
		{5D40D7C6-DB9E-4FF3-937B-1994B1696327}.Debug|Any CPU.ActiveCfg = Debug|Any CPU
		{5D40D7C6-DB9E-4FF3-937B-1994B1696327}.Debug|Any CPU.Build.0 = Debug|Any CPU
		{5D40D7C6-DB9E-4FF3-937B-1994B1696327}.Release|Any CPU.ActiveCfg = Release|Any CPU
		{5D40D7C6-DB9E-4FF3-937B-1994B1696327}.Release|Any CPU.Build.0 = Release|Any CPU
	EndGlobalSection
	GlobalSection(SolutionProperties) = preSolution
		HideSolutionNode = FALSE
	EndGlobalSection
	GlobalSection(ExtensibilityGlobals) = postSolution
		SolutionGuid = {FC080189-B25A-4A16-8C8C-F27CECC970A2}
	EndGlobalSection
EndGlobal
