
Microsoft Visual Studio Solution File, Format Version 12.00
# Visual Studio Version 17
VisualStudioVersion = 17.9.34616.47
MinimumVisualStudioVersion = 10.0.40219.1
Project("{FAE04EC0-301F-11D3-BF4B-00C04F79EFBC}") = "StringExample", "StringExample\StringExample.csproj", "{87F14289-E1CE-495F-8875-54D31A04FE31}"
EndProject
Global
	GlobalSection(SolutionConfigurationPlatforms) = preSolution
		Debug|Any CPU = Debug|Any CPU
		Release|Any CPU = Release|Any CPU
	EndGlobalSection
	GlobalSection(ProjectConfigurationPlatforms) = postSolution
		{87F14289-E1CE-495F-8875-54D31A04FE31}.Debug|Any CPU.ActiveCfg = Debug|Any CPU
		{87F14289-E1CE-495F-8875-54D31A04FE31}.Debug|Any CPU.Build.0 = Debug|Any CPU
		{87F14289-E1CE-495F-8875-54D31A04FE31}.Release|Any CPU.ActiveCfg = Release|Any CPU
		{87F14289-E1CE-495F-8875-54D31A04FE31}.Release|Any CPU.Build.0 = Release|Any CPU
	EndGlobalSection
	GlobalSection(SolutionProperties) = preSolution
		HideSolutionNode = FALSE
	EndGlobalSection
	GlobalSection(ExtensibilityGlobals) = postSolution
		SolutionGuid = {718E1355-0B66-40F8-A437-F0677CA0F9E5}
	EndGlobalSection
EndGlobal
