
Microsoft Visual Studio Solution File, Format Version 12.00
# Visual Studio Version 17
VisualStudioVersion = 17.9.34616.47
MinimumVisualStudioVersion = 10.0.40219.1
Project("{FAE04EC0-301F-11D3-BF4B-00C04F79EFBC}") = "IDisposableExample", "IDisposableExample\IDisposableExample.csproj", "{6B30D71C-0A1F-473B-AB12-D65A749A8B10}"
EndProject
Project("{FAE04EC0-301F-11D3-BF4B-00C04F79EFBC}") = "ClassLibrary1", "ClassLibrary1\ClassLibrary1.csproj", "{2D585B3F-9BB6-4208-A3F0-CB95E775ACF9}"
EndProject
Global
	GlobalSection(SolutionConfigurationPlatforms) = preSolution
		Debug|Any CPU = Debug|Any CPU
		Release|Any CPU = Release|Any CPU
	EndGlobalSection
	GlobalSection(ProjectConfigurationPlatforms) = postSolution
		{6B30D71C-0A1F-473B-AB12-D65A749A8B10}.Debug|Any CPU.ActiveCfg = Debug|Any CPU
		{6B30D71C-0A1F-473B-AB12-D65A749A8B10}.Debug|Any CPU.Build.0 = Debug|Any CPU
		{6B30D71C-0A1F-473B-AB12-D65A749A8B10}.Release|Any CPU.ActiveCfg = Release|Any CPU
		{6B30D71C-0A1F-473B-AB12-D65A749A8B10}.Release|Any CPU.Build.0 = Release|Any CPU
		{2D585B3F-9BB6-4208-A3F0-CB95E775ACF9}.Debug|Any CPU.ActiveCfg = Debug|Any CPU
		{2D585B3F-9BB6-4208-A3F0-CB95E775ACF9}.Debug|Any CPU.Build.0 = Debug|Any CPU
		{2D585B3F-9BB6-4208-A3F0-CB95E775ACF9}.Release|Any CPU.ActiveCfg = Release|Any CPU
		{2D585B3F-9BB6-4208-A3F0-CB95E775ACF9}.Release|Any CPU.Build.0 = Release|Any CPU
	EndGlobalSection
	GlobalSection(SolutionProperties) = preSolution
		HideSolutionNode = FALSE
	EndGlobalSection
	GlobalSection(ExtensibilityGlobals) = postSolution
		SolutionGuid = {8D818ED4-B41B-4678-9E26-7BBEFFE1C895}
	EndGlobalSection
EndGlobal
