
Microsoft Visual Studio Solution File, Format Version 12.00
# Visual Studio Version 17
VisualStudioVersion = 17.9.34616.47
MinimumVisualStudioVersion = 10.0.40219.1
Project("{FAE04EC0-301F-11D3-BF4B-00C04F79EFBC}") = "StructureExample", "StructureExample\StructureExample.csproj", "{C3223423-52E8-4451-8B7B-5827A4002D62}"
EndProject
Project("{FAE04EC0-301F-11D3-BF4B-00C04F79EFBC}") = "ClassLibrary1", "ClassLibrary1\ClassLibrary1.csproj", "{92452518-729F-428D-B899-352748DAC27B}"
EndProject
Global
	GlobalSection(SolutionConfigurationPlatforms) = preSolution
		Debug|Any CPU = Debug|Any CPU
		Release|Any CPU = Release|Any CPU
	EndGlobalSection
	GlobalSection(ProjectConfigurationPlatforms) = postSolution
		{C3223423-52E8-4451-8B7B-5827A4002D62}.Debug|Any CPU.ActiveCfg = Debug|Any CPU
		{C3223423-52E8-4451-8B7B-5827A4002D62}.Debug|Any CPU.Build.0 = Debug|Any CPU
		{C3223423-52E8-4451-8B7B-5827A4002D62}.Release|Any CPU.ActiveCfg = Release|Any CPU
		{C3223423-52E8-4451-8B7B-5827A4002D62}.Release|Any CPU.Build.0 = Release|Any CPU
		{92452518-729F-428D-B899-352748DAC27B}.Debug|Any CPU.ActiveCfg = Debug|Any CPU
		{92452518-729F-428D-B899-352748DAC27B}.Debug|Any CPU.Build.0 = Debug|Any CPU
		{92452518-729F-428D-B899-352748DAC27B}.Release|Any CPU.ActiveCfg = Release|Any CPU
		{92452518-729F-428D-B899-352748DAC27B}.Release|Any CPU.Build.0 = Release|Any CPU
	EndGlobalSection
	GlobalSection(SolutionProperties) = preSolution
		HideSolutionNode = FALSE
	EndGlobalSection
	GlobalSection(ExtensibilityGlobals) = postSolution
		SolutionGuid = {130EAF6F-A039-4CEC-967D-86635BD2298B}
	EndGlobalSection
EndGlobal
