
Microsoft Visual Studio Solution File, Format Version 12.00
# Visual Studio Version 17
VisualStudioVersion = 17.9.34616.47
MinimumVisualStudioVersion = 10.0.40219.1
Project("{FAE04EC0-301F-11D3-BF4B-00C04F79EFBC}") = "OneToManyRelationshipExample", "OneToManyRelationshipExample\OneToManyRelationshipExample.csproj", "{7EAA98DF-4047-4608-B5A3-A2C8FE19E652}"
EndProject
Project("{FAE04EC0-301F-11D3-BF4B-00C04F79EFBC}") = "ClassLibrary1", "ClassLibrary1\ClassLibrary1.csproj", "{A6B63844-79E7-4F0C-9A2F-64B864501C45}"
EndProject
Global
	GlobalSection(SolutionConfigurationPlatforms) = preSolution
		Debug|Any CPU = Debug|Any CPU
		Release|Any CPU = Release|Any CPU
	EndGlobalSection
	GlobalSection(ProjectConfigurationPlatforms) = postSolution
		{7EAA98DF-4047-4608-B5A3-A2C8FE19E652}.Debug|Any CPU.ActiveCfg = Debug|Any CPU
		{7EAA98DF-4047-4608-B5A3-A2C8FE19E652}.Debug|Any CPU.Build.0 = Debug|Any CPU
		{7EAA98DF-4047-4608-B5A3-A2C8FE19E652}.Release|Any CPU.ActiveCfg = Release|Any CPU
		{7EAA98DF-4047-4608-B5A3-A2C8FE19E652}.Release|Any CPU.Build.0 = Release|Any CPU
		{A6B63844-79E7-4F0C-9A2F-64B864501C45}.Debug|Any CPU.ActiveCfg = Debug|Any CPU
		{A6B63844-79E7-4F0C-9A2F-64B864501C45}.Debug|Any CPU.Build.0 = Debug|Any CPU
		{A6B63844-79E7-4F0C-9A2F-64B864501C45}.Release|Any CPU.ActiveCfg = Release|Any CPU
		{A6B63844-79E7-4F0C-9A2F-64B864501C45}.Release|Any CPU.Build.0 = Release|Any CPU
	EndGlobalSection
	GlobalSection(SolutionProperties) = preSolution
		HideSolutionNode = FALSE
	EndGlobalSection
	GlobalSection(ExtensibilityGlobals) = postSolution
		SolutionGuid = {19CF274A-BEA1-4A0D-83B3-037188251922}
	EndGlobalSection
EndGlobal
