
Microsoft Visual Studio Solution File, Format Version 12.00
# Visual Studio Version 17
VisualStudioVersion = 17.9.34616.47
MinimumVisualStudioVersion = 10.0.40219.1
Project("{FAE04EC0-301F-11D3-BF4B-00C04F79EFBC}") = "CovarienceExample", "CovarienceExample\CovarienceExample.csproj", "{6EC5102D-AC6A-4EEF-BD0B-2170D67A9965}"
EndProject
Global
	GlobalSection(SolutionConfigurationPlatforms) = preSolution
		Debug|Any CPU = Debug|Any CPU
		Release|Any CPU = Release|Any CPU
	EndGlobalSection
	GlobalSection(ProjectConfigurationPlatforms) = postSolution
		{6EC5102D-AC6A-4EEF-BD0B-2170D67A9965}.Debug|Any CPU.ActiveCfg = Debug|Any CPU
		{6EC5102D-AC6A-4EEF-BD0B-2170D67A9965}.Debug|Any CPU.Build.0 = Debug|Any CPU
		{6EC5102D-AC6A-4EEF-BD0B-2170D67A9965}.Release|Any CPU.ActiveCfg = Release|Any CPU
		{6EC5102D-AC6A-4EEF-BD0B-2170D67A9965}.Release|Any CPU.Build.0 = Release|Any CPU
	EndGlobalSection
	GlobalSection(SolutionProperties) = preSolution
		HideSolutionNode = FALSE
	EndGlobalSection
	GlobalSection(ExtensibilityGlobals) = postSolution
		SolutionGuid = {3E0D7078-6B55-4200-87BD-EAFFDC0BCB21}
	EndGlobalSection
EndGlobal
