
Microsoft Visual Studio Solution File, Format Version 12.00
# Visual Studio Version 17
VisualStudioVersion = 17.9.34616.47
MinimumVisualStudioVersion = 10.0.40219.1
Project("{FAE04EC0-301F-11D3-BF4B-00C04F79EFBC}") = "PolymorphismExample", "PolymorphismExample\PolymorphismExample.csproj", "{C9D78763-11BA-4C5B-A3D5-8CE6A10CCAF3}"
EndProject
Project("{FAE04EC0-301F-11D3-BF4B-00C04F79EFBC}") = "ClassLibrary1", "ClassLibrary1\ClassLibrary1.csproj", "{A5BEB911-DB2F-477D-AC5C-1962B37454B3}"
EndProject
Global
	GlobalSection(SolutionConfigurationPlatforms) = preSolution
		Debug|Any CPU = Debug|Any CPU
		Release|Any CPU = Release|Any CPU
	EndGlobalSection
	GlobalSection(ProjectConfigurationPlatforms) = postSolution
		{C9D78763-11BA-4C5B-A3D5-8CE6A10CCAF3}.Debug|Any CPU.ActiveCfg = Debug|Any CPU
		{C9D78763-11BA-4C5B-A3D5-8CE6A10CCAF3}.Debug|Any CPU.Build.0 = Debug|Any CPU
		{C9D78763-11BA-4C5B-A3D5-8CE6A10CCAF3}.Release|Any CPU.ActiveCfg = Release|Any CPU
		{C9D78763-11BA-4C5B-A3D5-8CE6A10CCAF3}.Release|Any CPU.Build.0 = Release|Any CPU
		{A5BEB911-DB2F-477D-AC5C-1962B37454B3}.Debug|Any CPU.ActiveCfg = Debug|Any CPU
		{A5BEB911-DB2F-477D-AC5C-1962B37454B3}.Debug|Any CPU.Build.0 = Debug|Any CPU
		{A5BEB911-DB2F-477D-AC5C-1962B37454B3}.Release|Any CPU.ActiveCfg = Release|Any CPU
		{A5BEB911-DB2F-477D-AC5C-1962B37454B3}.Release|Any CPU.Build.0 = Release|Any CPU
	EndGlobalSection
	GlobalSection(SolutionProperties) = preSolution
		HideSolutionNode = FALSE
	EndGlobalSection
	GlobalSection(ExtensibilityGlobals) = postSolution
		SolutionGuid = {65050D41-BC38-4E4D-9F82-6120956D8338}
	EndGlobalSection
EndGlobal
