
Microsoft Visual Studio Solution File, Format Version 12.00
# Visual Studio Version 17
VisualStudioVersion = 17.9.34616.47
MinimumVisualStudioVersion = 10.0.40219.1
Project("{FAE04EC0-301F-11D3-BF4B-00C04F79EFBC}") = "ThreadInterrupt", "ThreadInterrupt\ThreadInterrupt.csproj", "{B5B2CCCD-45C0-4A19-AA46-F28887946047}"
EndProject
Global
	GlobalSection(SolutionConfigurationPlatforms) = preSolution
		Debug|Any CPU = Debug|Any CPU
		Release|Any CPU = Release|Any CPU
	EndGlobalSection
	GlobalSection(ProjectConfigurationPlatforms) = postSolution
		{B5B2CCCD-45C0-4A19-AA46-F28887946047}.Debug|Any CPU.ActiveCfg = Debug|Any CPU
		{B5B2CCCD-45C0-4A19-AA46-F28887946047}.Debug|Any CPU.Build.0 = Debug|Any CPU
		{B5B2CCCD-45C0-4A19-AA46-F28887946047}.Release|Any CPU.ActiveCfg = Release|Any CPU
		{B5B2CCCD-45C0-4A19-AA46-F28887946047}.Release|Any CPU.Build.0 = Release|Any CPU
	EndGlobalSection
	GlobalSection(SolutionProperties) = preSolution
		HideSolutionNode = FALSE
	EndGlobalSection
	GlobalSection(ExtensibilityGlobals) = postSolution
		SolutionGuid = {9F5B3CF6-CA79-49CF-B72B-7F0CE8A2BF18}
	EndGlobalSection
EndGlobal
