
Microsoft Visual Studio Solution File, Format Version 12.00
# Visual Studio Version 17
VisualStudioVersion = 17.9.34616.47
MinimumVisualStudioVersion = 10.0.40219.1
Project("{FAE04EC0-301F-11D3-BF4B-00C04F79EFBC}") = "InnerClassExample", "InnerClassExample\InnerClassExample.csproj", "{01E44E44-A11C-4BB1-9822-2C1BF9212094}"
EndProject
Project("{FAE04EC0-301F-11D3-BF4B-00C04F79EFBC}") = "ClassLibrary1", "ClassLibrary1\ClassLibrary1.csproj", "{19890629-F5D4-4D76-B20D-842390B8304A}"
EndProject
Global
	GlobalSection(SolutionConfigurationPlatforms) = preSolution
		Debug|Any CPU = Debug|Any CPU
		Release|Any CPU = Release|Any CPU
	EndGlobalSection
	GlobalSection(ProjectConfigurationPlatforms) = postSolution
		{01E44E44-A11C-4BB1-9822-2C1BF9212094}.Debug|Any CPU.ActiveCfg = Debug|Any CPU
		{01E44E44-A11C-4BB1-9822-2C1BF9212094}.Debug|Any CPU.Build.0 = Debug|Any CPU
		{01E44E44-A11C-4BB1-9822-2C1BF9212094}.Release|Any CPU.ActiveCfg = Release|Any CPU
		{01E44E44-A11C-4BB1-9822-2C1BF9212094}.Release|Any CPU.Build.0 = Release|Any CPU
		{19890629-F5D4-4D76-B20D-842390B8304A}.Debug|Any CPU.ActiveCfg = Debug|Any CPU
		{19890629-F5D4-4D76-B20D-842390B8304A}.Debug|Any CPU.Build.0 = Debug|Any CPU
		{19890629-F5D4-4D76-B20D-842390B8304A}.Release|Any CPU.ActiveCfg = Release|Any CPU
		{19890629-F5D4-4D76-B20D-842390B8304A}.Release|Any CPU.Build.0 = Release|Any CPU
	EndGlobalSection
	GlobalSection(SolutionProperties) = preSolution
		HideSolutionNode = FALSE
	EndGlobalSection
	GlobalSection(ExtensibilityGlobals) = postSolution
		SolutionGuid = {020F7B5F-7F31-4DFB-B6BA-9907EECEBE8F}
	EndGlobalSection
EndGlobal
