
Microsoft Visual Studio Solution File, Format Version 12.00
# Visual Studio Version 17
VisualStudioVersion = 17.9.34616.47
MinimumVisualStudioVersion = 10.0.40219.1
Project("{FAE04EC0-301F-11D3-BF4B-00C04F79EFBC}") = "ManyToOneRelationship", "ManyToOneRelationship\ManyToOneRelationship.csproj", "{597AD6EF-80D1-4191-9409-3E95070FDE13}"
EndProject
Project("{FAE04EC0-301F-11D3-BF4B-00C04F79EFBC}") = "ClassLibrary1", "ClassLibrary1\ClassLibrary1.csproj", "{269B3D1B-27C4-4654-B0E1-AE2BC79D0F9F}"
EndProject
Global
	GlobalSection(SolutionConfigurationPlatforms) = preSolution
		Debug|Any CPU = Debug|Any CPU
		Release|Any CPU = Release|Any CPU
	EndGlobalSection
	GlobalSection(ProjectConfigurationPlatforms) = postSolution
		{597AD6EF-80D1-4191-9409-3E95070FDE13}.Debug|Any CPU.ActiveCfg = Debug|Any CPU
		{597AD6EF-80D1-4191-9409-3E95070FDE13}.Debug|Any CPU.Build.0 = Debug|Any CPU
		{597AD6EF-80D1-4191-9409-3E95070FDE13}.Release|Any CPU.ActiveCfg = Release|Any CPU
		{597AD6EF-80D1-4191-9409-3E95070FDE13}.Release|Any CPU.Build.0 = Release|Any CPU
		{269B3D1B-27C4-4654-B0E1-AE2BC79D0F9F}.Debug|Any CPU.ActiveCfg = Debug|Any CPU
		{269B3D1B-27C4-4654-B0E1-AE2BC79D0F9F}.Debug|Any CPU.Build.0 = Debug|Any CPU
		{269B3D1B-27C4-4654-B0E1-AE2BC79D0F9F}.Release|Any CPU.ActiveCfg = Release|Any CPU
		{269B3D1B-27C4-4654-B0E1-AE2BC79D0F9F}.Release|Any CPU.Build.0 = Release|Any CPU
	EndGlobalSection
	GlobalSection(SolutionProperties) = preSolution
		HideSolutionNode = FALSE
	EndGlobalSection
	GlobalSection(ExtensibilityGlobals) = postSolution
		SolutionGuid = {32D64BFC-0B2D-4AB1-9BF4-2F9EAAC4E029}
	EndGlobalSection
EndGlobal
