
Microsoft Visual Studio Solution File, Format Version 12.00
# Visual Studio Version 17
VisualStudioVersion = 17.9.34616.47
MinimumVisualStudioVersion = 10.0.40219.1
Project("{FAE04EC0-301F-11D3-BF4B-00C04F79EFBC}") = "IndexOutOfRangeExceptionExample", "IndexOutOfRangeExceptionExample\IndexOutOfRangeExceptionExample.csproj", "{34F26400-FD1B-4730-A5B1-DACEAED30CCB}"
EndProject
Global
	GlobalSection(SolutionConfigurationPlatforms) = preSolution
		Debug|Any CPU = Debug|Any CPU
		Release|Any CPU = Release|Any CPU
	EndGlobalSection
	GlobalSection(ProjectConfigurationPlatforms) = postSolution
		{34F26400-FD1B-4730-A5B1-DACEAED30CCB}.Debug|Any CPU.ActiveCfg = Debug|Any CPU
		{34F26400-FD1B-4730-A5B1-DACEAED30CCB}.Debug|Any CPU.Build.0 = Debug|Any CPU
		{34F26400-FD1B-4730-A5B1-DACEAED30CCB}.Release|Any CPU.ActiveCfg = Release|Any CPU
		{34F26400-FD1B-4730-A5B1-DACEAED30CCB}.Release|Any CPU.Build.0 = Release|Any CPU
	EndGlobalSection
	GlobalSection(SolutionProperties) = preSolution
		HideSolutionNode = FALSE
	EndGlobalSection
	GlobalSection(ExtensibilityGlobals) = postSolution
		SolutionGuid = {C2B2E705-4DCF-415D-98BC-EBD74EE88E17}
	EndGlobalSection
EndGlobal
