
Microsoft Visual Studio Solution File, Format Version 12.00
# Visual Studio Version 17
VisualStudioVersion = 17.9.34616.47
MinimumVisualStudioVersion = 10.0.40219.1
Project("{FAE04EC0-301F-11D3-BF4B-00C04F79EFBC}") = "DelegateExample1", "DelegateExample1\DelegateExample1.csproj", "{328187DD-80CD-43F5-B416-5CC9A62997FB}"
EndProject
Project("{FAE04EC0-301F-11D3-BF4B-00C04F79EFBC}") = "ClassLibrary1", "ClassLibrary1\ClassLibrary1.csproj", "{284E0334-A8BE-44A9-8ED7-72B41958A4EC}"
EndProject
Global
	GlobalSection(SolutionConfigurationPlatforms) = preSolution
		Debug|Any CPU = Debug|Any CPU
		Release|Any CPU = Release|Any CPU
	EndGlobalSection
	GlobalSection(ProjectConfigurationPlatforms) = postSolution
		{328187DD-80CD-43F5-B416-5CC9A62997FB}.Debug|Any CPU.ActiveCfg = Debug|Any CPU
		{328187DD-80CD-43F5-B416-5CC9A62997FB}.Debug|Any CPU.Build.0 = Debug|Any CPU
		{328187DD-80CD-43F5-B416-5CC9A62997FB}.Release|Any CPU.ActiveCfg = Release|Any CPU
		{328187DD-80CD-43F5-B416-5CC9A62997FB}.Release|Any CPU.Build.0 = Release|Any CPU
		{284E0334-A8BE-44A9-8ED7-72B41958A4EC}.Debug|Any CPU.ActiveCfg = Debug|Any CPU
		{284E0334-A8BE-44A9-8ED7-72B41958A4EC}.Debug|Any CPU.Build.0 = Debug|Any CPU
		{284E0334-A8BE-44A9-8ED7-72B41958A4EC}.Release|Any CPU.ActiveCfg = Release|Any CPU
		{284E0334-A8BE-44A9-8ED7-72B41958A4EC}.Release|Any CPU.Build.0 = Release|Any CPU
	EndGlobalSection
	GlobalSection(SolutionProperties) = preSolution
		HideSolutionNode = FALSE
	EndGlobalSection
	GlobalSection(ExtensibilityGlobals) = postSolution
		SolutionGuid = {6E0E9FA2-BFD1-4C73-977E-FEC206B93801}
	EndGlobalSection
EndGlobal
