
Microsoft Visual Studio Solution File, Format Version 12.00
# Visual Studio Version 17
VisualStudioVersion = 17.9.34616.47
MinimumVisualStudioVersion = 10.0.40219.1
Project("{FAE04EC0-301F-11D3-BF4B-00C04F79EFBC}") = "AsyncProgramming_Example1", "AsyncProgramming_Example1\AsyncProgramming_Example1.csproj", "{C3C3DB1F-566E-46D4-8D70-6C566C8D0876}"
EndProject
Global
	GlobalSection(SolutionConfigurationPlatforms) = preSolution
		Debug|Any CPU = Debug|Any CPU
		Release|Any CPU = Release|Any CPU
	EndGlobalSection
	GlobalSection(ProjectConfigurationPlatforms) = postSolution
		{C3C3DB1F-566E-46D4-8D70-6C566C8D0876}.Debug|Any CPU.ActiveCfg = Debug|Any CPU
		{C3C3DB1F-566E-46D4-8D70-6C566C8D0876}.Debug|Any CPU.Build.0 = Debug|Any CPU
		{C3C3DB1F-566E-46D4-8D70-6C566C8D0876}.Release|Any CPU.ActiveCfg = Release|Any CPU
		{C3C3DB1F-566E-46D4-8D70-6C566C8D0876}.Release|Any CPU.Build.0 = Release|Any CPU
	EndGlobalSection
	GlobalSection(SolutionProperties) = preSolution
		HideSolutionNode = FALSE
	EndGlobalSection
	GlobalSection(ExtensibilityGlobals) = postSolution
		SolutionGuid = {ADFA88F1-FFC2-4970-9B6D-A25BDB279D61}
	EndGlobalSection
EndGlobal
