
Microsoft Visual Studio Solution File, Format Version 12.00
# Visual Studio Version 17
VisualStudioVersion = 17.9.34616.47
MinimumVisualStudioVersion = 10.0.40219.1
Project("{FAE04EC0-301F-11D3-BF4B-00C04F79EFBC}") = "ImplicitlyTypedVariablesExamples", "ImplicitlyTypedVariablesExamples\ImplicitlyTypedVariablesExamples.csproj", "{95E20744-7840-405A-BCEB-9D0F3ECF2BD7}"
EndProject
Project("{FAE04EC0-301F-11D3-BF4B-00C04F79EFBC}") = "ClassLibrary1", "ClassLibrary1\ClassLibrary1.csproj", "{03FE900E-F1CC-4910-A43C-31345284BEF5}"
EndProject
Global
	GlobalSection(SolutionConfigurationPlatforms) = preSolution
		Debug|Any CPU = Debug|Any CPU
		Release|Any CPU = Release|Any CPU
	EndGlobalSection
	GlobalSection(ProjectConfigurationPlatforms) = postSolution
		{95E20744-7840-405A-BCEB-9D0F3ECF2BD7}.Debug|Any CPU.ActiveCfg = Debug|Any CPU
		{95E20744-7840-405A-BCEB-9D0F3ECF2BD7}.Debug|Any CPU.Build.0 = Debug|Any CPU
		{95E20744-7840-405A-BCEB-9D0F3ECF2BD7}.Release|Any CPU.ActiveCfg = Release|Any CPU
		{95E20744-7840-405A-BCEB-9D0F3ECF2BD7}.Release|Any CPU.Build.0 = Release|Any CPU
		{03FE900E-F1CC-4910-A43C-31345284BEF5}.Debug|Any CPU.ActiveCfg = Debug|Any CPU
		{03FE900E-F1CC-4910-A43C-31345284BEF5}.Debug|Any CPU.Build.0 = Debug|Any CPU
		{03FE900E-F1CC-4910-A43C-31345284BEF5}.Release|Any CPU.ActiveCfg = Release|Any CPU
		{03FE900E-F1CC-4910-A43C-31345284BEF5}.Release|Any CPU.Build.0 = Release|Any CPU
	EndGlobalSection
	GlobalSection(SolutionProperties) = preSolution
		HideSolutionNode = FALSE
	EndGlobalSection
	GlobalSection(ExtensibilityGlobals) = postSolution
		SolutionGuid = {24D9AF92-8845-4810-AA7C-38587F970529}
	EndGlobalSection
EndGlobal
