
Microsoft Visual Studio Solution File, Format Version 12.00
# Visual Studio Version 17
VisualStudioVersion = 17.9.34616.47
MinimumVisualStudioVersion = 10.0.40219.1
Project("{FAE04EC0-301F-11D3-BF4B-00C04F79EFBC}") = "AnonymousArrayExample", "AnonymousArrayExample\AnonymousArrayExample.csproj", "{AEC9BD0F-1608-4C2D-82D6-7E8777A755EF}"
EndProject
Global
	GlobalSection(SolutionConfigurationPlatforms) = preSolution
		Debug|Any CPU = Debug|Any CPU
		Release|Any CPU = Release|Any CPU
	EndGlobalSection
	GlobalSection(ProjectConfigurationPlatforms) = postSolution
		{AEC9BD0F-1608-4C2D-82D6-7E8777A755EF}.Debug|Any CPU.ActiveCfg = Debug|Any CPU
		{AEC9BD0F-1608-4C2D-82D6-7E8777A755EF}.Debug|Any CPU.Build.0 = Debug|Any CPU
		{AEC9BD0F-1608-4C2D-82D6-7E8777A755EF}.Release|Any CPU.ActiveCfg = Release|Any CPU
		{AEC9BD0F-1608-4C2D-82D6-7E8777A755EF}.Release|Any CPU.Build.0 = Release|Any CPU
	EndGlobalSection
	GlobalSection(SolutionProperties) = preSolution
		HideSolutionNode = FALSE
	EndGlobalSection
	GlobalSection(ExtensibilityGlobals) = postSolution
		SolutionGuid = {123301C8-9666-4CFF-9AB2-A54041D0A81E}
	EndGlobalSection
EndGlobal
