
Microsoft Visual Studio Solution File, Format Version 12.00
# Visual Studio Version 17
VisualStudioVersion = 17.9.34616.47
MinimumVisualStudioVersion = 10.0.40219.1
Project("{FAE04EC0-301F-11D3-BF4B-00C04F79EFBC}") = "ExceptionExample", "InnerExceptionExample\ExceptionExample.csproj", "{EE72CEF3-72E1-43CB-8493-66A1AB024ADA}"
EndProject
Global
	GlobalSection(SolutionConfigurationPlatforms) = preSolution
		Debug|Any CPU = Debug|Any CPU
		Release|Any CPU = Release|Any CPU
	EndGlobalSection
	GlobalSection(ProjectConfigurationPlatforms) = postSolution
		{EE72CEF3-72E1-43CB-8493-66A1AB024ADA}.Debug|Any CPU.ActiveCfg = Debug|Any CPU
		{EE72CEF3-72E1-43CB-8493-66A1AB024ADA}.Debug|Any CPU.Build.0 = Debug|Any CPU
		{EE72CEF3-72E1-43CB-8493-66A1AB024ADA}.Release|Any CPU.ActiveCfg = Release|Any CPU
		{EE72CEF3-72E1-43CB-8493-66A1AB024ADA}.Release|Any CPU.Build.0 = Release|Any CPU
	EndGlobalSection
	GlobalSection(SolutionProperties) = preSolution
		HideSolutionNode = FALSE
	EndGlobalSection
	GlobalSection(ExtensibilityGlobals) = postSolution
		SolutionGuid = {DC6FE20B-CAEA-42D7-A860-E0730D3BE38E}
	EndGlobalSection
EndGlobal
