
Microsoft Visual Studio Solution File, Format Version 12.00
# Visual Studio Version 17
VisualStudioVersion = 17.9.34616.47
MinimumVisualStudioVersion = 10.0.40219.1
Project("{FAE04EC0-301F-11D3-BF4B-00C04F79EFBC}") = "StudentAPI", "StudentAPI\StudentAPI.csproj", "{8CD7DEFA-482C-4D95-AEED-588110376D90}"
EndProject
Global
	GlobalSection(SolutionConfigurationPlatforms) = preSolution
		Debug|Any CPU = Debug|Any CPU
		Release|Any CPU = Release|Any CPU
	EndGlobalSection
	GlobalSection(ProjectConfigurationPlatforms) = postSolution
		{8CD7DEFA-482C-4D95-AEED-588110376D90}.Debug|Any CPU.ActiveCfg = Debug|Any CPU
		{8CD7DEFA-482C-4D95-AEED-588110376D90}.Debug|Any CPU.Build.0 = Debug|Any CPU
		{8CD7DEFA-482C-4D95-AEED-588110376D90}.Release|Any CPU.ActiveCfg = Release|Any CPU
		{8CD7DEFA-482C-4D95-AEED-588110376D90}.Release|Any CPU.Build.0 = Release|Any CPU
	EndGlobalSection
	GlobalSection(SolutionProperties) = preSolution
		HideSolutionNode = FALSE
	EndGlobalSection
	GlobalSection(ExtensibilityGlobals) = postSolution
		SolutionGuid = {564E164E-7535-42C2-8AA9-C8EA1F2BF7E4}
	EndGlobalSection
EndGlobal
