
Microsoft Visual Studio Solution File, Format Version 12.00
# Visual Studio Version 17
VisualStudioVersion = 17.9.34616.47
MinimumVisualStudioVersion = 10.0.40219.1
Project("{FAE04EC0-301F-11D3-BF4B-00C04F79EFBC}") = "XMLSerializationExample", "XMLSerializationExample\XMLSerializationExample.csproj", "{C5EB24CB-9A2A-409B-9852-960D63366B04}"
EndProject
Global
	GlobalSection(SolutionConfigurationPlatforms) = preSolution
		Debug|Any CPU = Debug|Any CPU
		Release|Any CPU = Release|Any CPU
	EndGlobalSection
	GlobalSection(ProjectConfigurationPlatforms) = postSolution
		{C5EB24CB-9A2A-409B-9852-960D63366B04}.Debug|Any CPU.ActiveCfg = Debug|Any CPU
		{C5EB24CB-9A2A-409B-9852-960D63366B04}.Debug|Any CPU.Build.0 = Debug|Any CPU
		{C5EB24CB-9A2A-409B-9852-960D63366B04}.Release|Any CPU.ActiveCfg = Release|Any CPU
		{C5EB24CB-9A2A-409B-9852-960D63366B04}.Release|Any CPU.Build.0 = Release|Any CPU
	EndGlobalSection
	GlobalSection(SolutionProperties) = preSolution
		HideSolutionNode = FALSE
	EndGlobalSection
	GlobalSection(ExtensibilityGlobals) = postSolution
		SolutionGuid = {B5971BF1-76D1-435D-9CC9-F9CCC26C0AB0}
	EndGlobalSection
EndGlobal
