
Microsoft Visual Studio Solution File, Format Version 12.00
# Visual Studio Version 17
VisualStudioVersion = 17.9.34616.47
MinimumVisualStudioVersion = 10.0.40219.1
Project("{FAE04EC0-301F-11D3-BF4B-00C04F79EFBC}") = "LocalFunction", "LocalFunction\LocalFunction.csproj", "{559D37DE-C3FB-4BB7-A3CB-C74D52420143}"
EndProject
Global
	GlobalSection(SolutionConfigurationPlatforms) = preSolution
		Debug|Any CPU = Debug|Any CPU
		Release|Any CPU = Release|Any CPU
	EndGlobalSection
	GlobalSection(ProjectConfigurationPlatforms) = postSolution
		{559D37DE-C3FB-4BB7-A3CB-C74D52420143}.Debug|Any CPU.ActiveCfg = Debug|Any CPU
		{559D37DE-C3FB-4BB7-A3CB-C74D52420143}.Debug|Any CPU.Build.0 = Debug|Any CPU
		{559D37DE-C3FB-4BB7-A3CB-C74D52420143}.Release|Any CPU.ActiveCfg = Release|Any CPU
		{559D37DE-C3FB-4BB7-A3CB-C74D52420143}.Release|Any CPU.Build.0 = Release|Any CPU
	EndGlobalSection
	GlobalSection(SolutionProperties) = preSolution
		HideSolutionNode = FALSE
	EndGlobalSection
	GlobalSection(ExtensibilityGlobals) = postSolution
		SolutionGuid = {C33FB488-C812-43C8-902D-97C6050BF86D}
	EndGlobalSection
EndGlobal
